
Microsoft Visual Studio Solution File, Format Version 12.00
# Visual Studio Version 17
VisualStudioVersion = 17.14.36310.24 d17.14
MinimumVisualStudioVersion = 10.0.40219.1
Project("{FAE04EC0-301F-11D3-BF4B-00C04F79EFBC}") = "Defaultconstructor", "Defaultconstructor\Defaultconstructor.csproj", "{89D4A129-1C2D-486D-9C90-942AA6AC3219}"
EndProject
Global
	GlobalSection(SolutionConfigurationPlatforms) = preSolution
		Debug|Any CPU = Debug|Any CPU
		Release|Any CPU = Release|Any CPU
	EndGlobalSection
	GlobalSection(ProjectConfigurationPlatforms) = postSolution
		{89D4A129-1C2D-486D-9C90-942AA6AC3219}.Debug|Any CPU.ActiveCfg = Debug|Any CPU
		{89D4A129-1C2D-486D-9C90-942AA6AC3219}.Debug|Any CPU.Build.0 = Debug|Any CPU
		{89D4A129-1C2D-486D-9C90-942AA6AC3219}.Release|Any CPU.ActiveCfg = Release|Any CPU
		{89D4A129-1C2D-486D-9C90-942AA6AC3219}.Release|Any CPU.Build.0 = Release|Any CPU
	EndGlobalSection
	GlobalSection(SolutionProperties) = preSolution
		HideSolutionNode = FALSE
	EndGlobalSection
	GlobalSection(ExtensibilityGlobals) = postSolution
		SolutionGuid = {C025EBEF-2828-4A4A-9704-9D04D7FBC73F}
	EndGlobalSection
EndGlobal
