
Microsoft Visual Studio Solution File, Format Version 12.00
# Visual Studio Version 17
VisualStudioVersion = 17.14.36310.24 d17.14
MinimumVisualStudioVersion = 10.0.40219.1
Project("{FAE04EC0-301F-11D3-BF4B-00C04F79EFBC}") = "Reverse", "Reverse\Reverse.csproj", "{7C7196EE-D843-443A-A82E-765BCF7A2840}"
EndProject
Global
	GlobalSection(SolutionConfigurationPlatforms) = preSolution
		Debug|Any CPU = Debug|Any CPU
		Release|Any CPU = Release|Any CPU
	EndGlobalSection
	GlobalSection(ProjectConfigurationPlatforms) = postSolution
		{7C7196EE-D843-443A-A82E-765BCF7A2840}.Debug|Any CPU.ActiveCfg = Debug|Any CPU
		{7C7196EE-D843-443A-A82E-765BCF7A2840}.Debug|Any CPU.Build.0 = Debug|Any CPU
		{7C7196EE-D843-443A-A82E-765BCF7A2840}.Release|Any CPU.ActiveCfg = Release|Any CPU
		{7C7196EE-D843-443A-A82E-765BCF7A2840}.Release|Any CPU.Build.0 = Release|Any CPU
	EndGlobalSection
	GlobalSection(SolutionProperties) = preSolution
		HideSolutionNode = FALSE
	EndGlobalSection
	GlobalSection(ExtensibilityGlobals) = postSolution
		SolutionGuid = {17D9225D-FF09-42F1-AD9B-A7C5A3F41445}
	EndGlobalSection
EndGlobal
