
Microsoft Visual Studio Solution File, Format Version 12.00
# Visual Studio Version 17
VisualStudioVersion = 17.14.36310.24 d17.14
MinimumVisualStudioVersion = 10.0.40219.1
Project("{FAE04EC0-301F-11D3-BF4B-00C04F79EFBC}") = "Vehicle", "Vehicle\Vehicle.csproj", "{C5EC95E4-BE58-4127-AD35-A613862E3DCA}"
EndProject
Global
	GlobalSection(SolutionConfigurationPlatforms) = preSolution
		Debug|Any CPU = Debug|Any CPU
		Release|Any CPU = Release|Any CPU
	EndGlobalSection
	GlobalSection(ProjectConfigurationPlatforms) = postSolution
		{C5EC95E4-BE58-4127-AD35-A613862E3DCA}.Debug|Any CPU.ActiveCfg = Debug|Any CPU
		{C5EC95E4-BE58-4127-AD35-A613862E3DCA}.Debug|Any CPU.Build.0 = Debug|Any CPU
		{C5EC95E4-BE58-4127-AD35-A613862E3DCA}.Release|Any CPU.ActiveCfg = Release|Any CPU
		{C5EC95E4-BE58-4127-AD35-A613862E3DCA}.Release|Any CPU.Build.0 = Release|Any CPU
	EndGlobalSection
	GlobalSection(SolutionProperties) = preSolution
		HideSolutionNode = FALSE
	EndGlobalSection
	GlobalSection(ExtensibilityGlobals) = postSolution
		SolutionGuid = {55384FB7-3AC5-4636-BA73-6B01D7087F70}
	EndGlobalSection
EndGlobal
